// !$*UTF8*$!
{
	archiveVersion = 1;
	classes = {
	};
	objectVersion = 46;
	objects = {

/* Begin PBXBuildFile section */
		27156F4D18B76AF50053A99C /* Foundation.framework in Frameworks */ = {isa = PBXBuildFile; fileRef = 27156F4C18B76AF50053A99C /* Foundation.framework */; };
		27156F4F18B76AF50053A99C /* CoreGraphics.framework in Frameworks */ = {isa = PBXBuildFile; fileRef = 27156F4E18B76AF50053A99C /* CoreGraphics.framework */; };
		27156F5118B76AF50053A99C /* UIKit.framework in Frameworks */ = {isa = PBXBuildFile; fileRef = 27156F5018B76AF50053A99C /* UIKit.framework */; };
		27156F5718B76AF50053A99C /* InfoPlist.strings in Resources */ = {isa = PBXBuildFile; fileRef = 27156F5518B76AF50053A99C /* InfoPlist.strings */; };
		27156F5918B76AF50053A99C /* main.m in Sources */ = {isa = PBXBuildFile; fileRef = 27156F5818B76AF50053A99C /* main.m */; };
		27156F5D18B76AF50053A99C /* MackenzieAppDelegate.m in Sources */ = {isa = PBXBuildFile; fileRef = 27156F5C18B76AF50053A99C /* MackenzieAppDelegate.m */; };
		27156F5F18B76AF50053A99C /* Images.xcassets in Resources */ = {isa = PBXBuildFile; fileRef = 27156F5E18B76AF50053A99C /* Images.xcassets */; };
		27156F6618B76AF50053A99C /* XCTest.framework in Frameworks */ = {isa = PBXBuildFile; fileRef = 27156F6518B76AF50053A99C /* XCTest.framework */; };
		27156F6718B76AF50053A99C /* Foundation.framework in Frameworks */ = {isa = PBXBuildFile; fileRef = 27156F4C18B76AF50053A99C /* Foundation.framework */; };
		27156F6818B76AF50053A99C /* UIKit.framework in Frameworks */ = {isa = PBXBuildFile; fileRef = 27156F5018B76AF50053A99C /* UIKit.framework */; };
		27156F7018B76AF50053A99C /* InfoPlist.strings in Resources */ = {isa = PBXBuildFile; fileRef = 27156F6E18B76AF50053A99C /* InfoPlist.strings */; };
		27156F7218B76AF50053A99C /* NavigationTests.m in Sources */ = {isa = PBXBuildFile; fileRef = 27156F7118B76AF50053A99C /* NavigationTests.m */; };
		27156F7D18BA89430053A99C /* LetraAViewController.m in Sources */ = {isa = PBXBuildFile; fileRef = 27156F7C18BA89430053A99C /* LetraAViewController.m */; };
		8B70BD191AB7016600ED0669 /* Dicionario.m in Sources */ = {isa = PBXBuildFile; fileRef = 8B70BD181AB7016600ED0669 /* Dicionario.m */; };
		8B70BD1C1AB7027F00ED0669 /* Fila.m in Sources */ = {isa = PBXBuildFile; fileRef = 8B70BD1B1AB7027F00ED0669 /* Fila.m */; };
		8BB0C55E1AB8B91400E45E0D /* blueHx.jpg in Resources */ = {isa = PBXBuildFile; fileRef = 8BB0C55D1AB8B91400E45E0D /* blueHx.jpg */; };
		8BB0C5791AB8CAC000E45E0D /* a.jpg in Resources */ = {isa = PBXBuildFile; fileRef = 8BB0C5601AB8CAC000E45E0D /* a.jpg */; };
		8BB0C57A1AB8CAC000E45E0D /* b.jpg in Resources */ = {isa = PBXBuildFile; fileRef = 8BB0C5611AB8CAC000E45E0D /* b.jpg */; };
		8BB0C57B1AB8CAC000E45E0D /* c.jpg in Resources */ = {isa = PBXBuildFile; fileRef = 8BB0C5621AB8CAC000E45E0D /* c.jpg */; };
		8BB0C57C1AB8CAC000E45E0D /* d.jpg in Resources */ = {isa = PBXBuildFile; fileRef = 8BB0C5631AB8CAC000E45E0D /* d.jpg */; };
		8BB0C57D1AB8CAC000E45E0D /* e.jpg in Resources */ = {isa = PBXBuildFile; fileRef = 8BB0C5641AB8CAC000E45E0D /* e.jpg */; };
		8BB0C57E1AB8CAC000E45E0D /* f.jpg in Resources */ = {isa = PBXBuildFile; fileRef = 8BB0C5651AB8CAC000E45E0D /* f.jpg */; };
		8BB0C57F1AB8CAC000E45E0D /* g.jpg in Resources */ = {isa = PBXBuildFile; fileRef = 8BB0C5661AB8CAC000E45E0D /* g.jpg */; };
		8BB0C5801AB8CAC000E45E0D /* h.jpg in Resources */ = {isa = PBXBuildFile; fileRef = 8BB0C5671AB8CAC000E45E0D /* h.jpg */; };
		8BB0C5811AB8CAC000E45E0D /* j.jpg in Resources */ = {isa = PBXBuildFile; fileRef = 8BB0C5681AB8CAC000E45E0D /* j.jpg */; };
		8BB0C5821AB8CAC000E45E0D /* k.jpg in Resources */ = {isa = PBXBuildFile; fileRef = 8BB0C5691AB8CAC000E45E0D /* k.jpg */; };
		8BB0C5831AB8CAC000E45E0D /* l.jpg in Resources */ = {isa = PBXBuildFile; fileRef = 8BB0C56A1AB8CAC000E45E0D /* l.jpg */; };
		8BB0C5841AB8CAC000E45E0D /* m.jpg in Resources */ = {isa = PBXBuildFile; fileRef = 8BB0C56B1AB8CAC000E45E0D /* m.jpg */; };
		8BB0C5851AB8CAC000E45E0D /* n.jpg in Resources */ = {isa = PBXBuildFile; fileRef = 8BB0C56C1AB8CAC000E45E0D /* n.jpg */; };
		8BB0C5861AB8CAC000E45E0D /* o.jpg in Resources */ = {isa = PBXBuildFile; fileRef = 8BB0C56D1AB8CAC000E45E0D /* o.jpg */; };
		8BB0C5871AB8CAC000E45E0D /* p.jpg in Resources */ = {isa = PBXBuildFile; fileRef = 8BB0C56E1AB8CAC000E45E0D /* p.jpg */; };
		8BB0C5881AB8CAC000E45E0D /* q.jpg in Resources */ = {isa = PBXBuildFile; fileRef = 8BB0C56F1AB8CAC000E45E0D /* q.jpg */; };
		8BB0C5891AB8CAC000E45E0D /* r.png in Resources */ = {isa = PBXBuildFile; fileRef = 8BB0C5701AB8CAC000E45E0D /* r.png */; };
		8BB0C58A1AB8CAC000E45E0D /* s.jpg in Resources */ = {isa = PBXBuildFile; fileRef = 8BB0C5711AB8CAC000E45E0D /* s.jpg */; };
		8BB0C58B1AB8CAC000E45E0D /* t.jpg in Resources */ = {isa = PBXBuildFile; fileRef = 8BB0C5721AB8CAC000E45E0D /* t.jpg */; };
		8BB0C58C1AB8CAC000E45E0D /* u.jpg in Resources */ = {isa = PBXBuildFile; fileRef = 8BB0C5731AB8CAC000E45E0D /* u.jpg */; };
		8BB0C58D1AB8CAC000E45E0D /* v.jpg in Resources */ = {isa = PBXBuildFile; fileRef = 8BB0C5741AB8CAC000E45E0D /* v.jpg */; };
		8BB0C58E1AB8CAC000E45E0D /* w.jpg in Resources */ = {isa = PBXBuildFile; fileRef = 8BB0C5751AB8CAC000E45E0D /* w.jpg */; };
		8BB0C58F1AB8CAC000E45E0D /* x.jpg in Resources */ = {isa = PBXBuildFile; fileRef = 8BB0C5761AB8CAC000E45E0D /* x.jpg */; };
		8BB0C5901AB8CAC000E45E0D /* y.jpg in Resources */ = {isa = PBXBuildFile; fileRef = 8BB0C5771AB8CAC000E45E0D /* y.jpg */; };
		8BB0C5911AB8CAC000E45E0D /* z.jpg in Resources */ = {isa = PBXBuildFile; fileRef = 8BB0C5781AB8CAC000E45E0D /* z.jpg */; };
/* End PBXBuildFile section */

/* Begin PBXContainerItemProxy section */
		27156F6918B76AF50053A99C /* PBXContainerItemProxy */ = {
			isa = PBXContainerItemProxy;
			containerPortal = 27156F4118B76AF50053A99C /* Project object */;
			proxyType = 1;
			remoteGlobalIDString = 27156F4818B76AF50053A99C;
			remoteInfo = Navigation;
		};
/* End PBXContainerItemProxy section */

/* Begin PBXFileReference section */
		27156F4918B76AF50053A99C /* Navigation.app */ = {isa = PBXFileReference; explicitFileType = wrapper.application; includeInIndex = 0; path = Navigation.app; sourceTree = BUILT_PRODUCTS_DIR; };
		27156F4C18B76AF50053A99C /* Foundation.framework */ = {isa = PBXFileReference; lastKnownFileType = wrapper.framework; name = Foundation.framework; path = System/Library/Frameworks/Foundation.framework; sourceTree = SDKROOT; };
		27156F4E18B76AF50053A99C /* CoreGraphics.framework */ = {isa = PBXFileReference; lastKnownFileType = wrapper.framework; name = CoreGraphics.framework; path = System/Library/Frameworks/CoreGraphics.framework; sourceTree = SDKROOT; };
		27156F5018B76AF50053A99C /* UIKit.framework */ = {isa = PBXFileReference; lastKnownFileType = wrapper.framework; name = UIKit.framework; path = System/Library/Frameworks/UIKit.framework; sourceTree = SDKROOT; };
		27156F5418B76AF50053A99C /* Navigation-Info.plist */ = {isa = PBXFileReference; lastKnownFileType = text.plist.xml; path = "Navigation-Info.plist"; sourceTree = "<group>"; };
		27156F5618B76AF50053A99C /* en */ = {isa = PBXFileReference; lastKnownFileType = text.plist.strings; name = en; path = en.lproj/InfoPlist.strings; sourceTree = "<group>"; };
		27156F5818B76AF50053A99C /* main.m */ = {isa = PBXFileReference; lastKnownFileType = sourcecode.c.objc; path = main.m; sourceTree = "<group>"; };
		27156F5A18B76AF50053A99C /* Navigation-Prefix.pch */ = {isa = PBXFileReference; lastKnownFileType = sourcecode.c.h; path = "Navigation-Prefix.pch"; sourceTree = "<group>"; };
		27156F5B18B76AF50053A99C /* MackenzieAppDelegate.h */ = {isa = PBXFileReference; lastKnownFileType = sourcecode.c.h; path = MackenzieAppDelegate.h; sourceTree = "<group>"; };
		27156F5C18B76AF50053A99C /* MackenzieAppDelegate.m */ = {isa = PBXFileReference; lastKnownFileType = sourcecode.c.objc; path = MackenzieAppDelegate.m; sourceTree = "<group>"; };
		27156F5E18B76AF50053A99C /* Images.xcassets */ = {isa = PBXFileReference; lastKnownFileType = folder.assetcatalog; path = Images.xcassets; sourceTree = "<group>"; };
		27156F6418B76AF50053A99C /* NavigationTests.xctest */ = {isa = PBXFileReference; explicitFileType = wrapper.cfbundle; includeInIndex = 0; path = NavigationTests.xctest; sourceTree = BUILT_PRODUCTS_DIR; };
		27156F6518B76AF50053A99C /* XCTest.framework */ = {isa = PBXFileReference; lastKnownFileType = wrapper.framework; name = XCTest.framework; path = Library/Frameworks/XCTest.framework; sourceTree = DEVELOPER_DIR; };
		27156F6D18B76AF50053A99C /* NavigationTests-Info.plist */ = {isa = PBXFileReference; lastKnownFileType = text.plist.xml; path = "NavigationTests-Info.plist"; sourceTree = "<group>"; };
		27156F6F18B76AF50053A99C /* en */ = {isa = PBXFileReference; lastKnownFileType = text.plist.strings; name = en; path = en.lproj/InfoPlist.strings; sourceTree = "<group>"; };
		27156F7118B76AF50053A99C /* NavigationTests.m */ = {isa = PBXFileReference; lastKnownFileType = sourcecode.c.objc; path = NavigationTests.m; sourceTree = "<group>"; };
		27156F7B18BA89430053A99C /* LetraAViewController.h */ = {isa = PBXFileReference; fileEncoding = 4; lastKnownFileType = sourcecode.c.h; path = LetraAViewController.h; sourceTree = "<group>"; };
		27156F7C18BA89430053A99C /* LetraAViewController.m */ = {isa = PBXFileReference; fileEncoding = 4; lastKnownFileType = sourcecode.c.objc; path = LetraAViewController.m; sourceTree = "<group>"; };
		8B70BD171AB7016600ED0669 /* Dicionario.h */ = {isa = PBXFileReference; fileEncoding = 4; lastKnownFileType = sourcecode.c.h; path = Dicionario.h; sourceTree = "<group>"; };
		8B70BD181AB7016600ED0669 /* Dicionario.m */ = {isa = PBXFileReference; fileEncoding = 4; lastKnownFileType = sourcecode.c.objc; path = Dicionario.m; sourceTree = "<group>"; };
		8B70BD1A1AB7027F00ED0669 /* Fila.h */ = {isa = PBXFileReference; fileEncoding = 4; lastKnownFileType = sourcecode.c.h; path = Fila.h; sourceTree = "<group>"; };
		8B70BD1B1AB7027F00ED0669 /* Fila.m */ = {isa = PBXFileReference; fileEncoding = 4; lastKnownFileType = sourcecode.c.objc; path = Fila.m; sourceTree = "<group>"; };
		8BB0C55D1AB8B91400E45E0D /* blueHx.jpg */ = {isa = PBXFileReference; lastKnownFileType = image.jpeg; path = blueHx.jpg; sourceTree = "<group>"; };
		8BB0C5601AB8CAC000E45E0D /* a.jpg */ = {isa = PBXFileReference; lastKnownFileType = image.jpeg; path = a.jpg; sourceTree = "<group>"; };
		8BB0C5611AB8CAC000E45E0D /* b.jpg */ = {isa = PBXFileReference; lastKnownFileType = image.jpeg; path = b.jpg; sourceTree = "<group>"; };
		8BB0C5621AB8CAC000E45E0D /* c.jpg */ = {isa = PBXFileReference; lastKnownFileType = image.jpeg; path = c.jpg; sourceTree = "<group>"; };
		8BB0C5631AB8CAC000E45E0D /* d.jpg */ = {isa = PBXFileReference; lastKnownFileType = image.jpeg; path = d.jpg; sourceTree = "<group>"; };
		8BB0C5641AB8CAC000E45E0D /* e.jpg */ = {isa = PBXFileReference; lastKnownFileType = image.jpeg; path = e.jpg; sourceTree = "<group>"; };
		8BB0C5651AB8CAC000E45E0D /* f.jpg */ = {isa = PBXFileReference; lastKnownFileType = image.jpeg; path = f.jpg; sourceTree = "<group>"; };
		8BB0C5661AB8CAC000E45E0D /* g.jpg */ = {isa = PBXFileReference; lastKnownFileType = image.jpeg; path = g.jpg; sourceTree = "<group>"; };
		8BB0C5671AB8CAC000E45E0D /* h.jpg */ = {isa = PBXFileReference; lastKnownFileType = image.jpeg; path = h.jpg; sourceTree = "<group>"; };
		8BB0C5681AB8CAC000E45E0D /* j.jpg */ = {isa = PBXFileReference; lastKnownFileType = image.jpeg; path = j.jpg; sourceTree = "<group>"; };
		8BB0C5691AB8CAC000E45E0D /* k.jpg */ = {isa = PBXFileReference; lastKnownFileType = image.jpeg; path = k.jpg; sourceTree = "<group>"; };
		8BB0C56A1AB8CAC000E45E0D /* l.jpg */ = {isa = PBXFileReference; lastKnownFileType = image.jpeg; path = l.jpg; sourceTree = "<group>"; };
		8BB0C56B1AB8CAC000E45E0D /* m.jpg */ = {isa = PBXFileReference; lastKnownFileType = image.jpeg; path = m.jpg; sourceTree = "<group>"; };
		8BB0C56C1AB8CAC000E45E0D /* n.jpg */ = {isa = PBXFileReference; lastKnownFileType = image.jpeg; path = n.jpg; sourceTree = "<group>"; };
		8BB0C56D1AB8CAC000E45E0D /* o.jpg */ = {isa = PBXFileReference; lastKnownFileType = image.jpeg; path = o.jpg; sourceTree = "<group>"; };
		8BB0C56E1AB8CAC000E45E0D /* p.jpg */ = {isa = PBXFileReference; lastKnownFileType = image.jpeg; path = p.jpg; sourceTree = "<group>"; };
		8BB0C56F1AB8CAC000E45E0D /* q.jpg */ = {isa = PBXFileReference; lastKnownFileType = image.jpeg; path = q.jpg; sourceTree = "<group>"; };
		8BB0C5701AB8CAC000E45E0D /* r.png */ = {isa = PBXFileReference; lastKnownFileType = image.png; path = r.png; sourceTree = "<group>"; };
		8BB0C5711AB8CAC000E45E0D /* s.jpg */ = {isa = PBXFileReference; lastKnownFileType = image.jpeg; path = s.jpg; sourceTree = "<group>"; };
		8BB0C5721AB8CAC000E45E0D /* t.jpg */ = {isa = PBXFileReference; lastKnownFileType = image.jpeg; path = t.jpg; sourceTree = "<group>"; };
		8BB0C5731AB8CAC000E45E0D /* u.jpg */ = {isa = PBXFileReference; lastKnownFileType = image.jpeg; path = u.jpg; sourceTree = "<group>"; };
		8BB0C5741AB8CAC000E45E0D /* v.jpg */ = {isa = PBXFileReference; lastKnownFileType = image.jpeg; path = v.jpg; sourceTree = "<group>"; };
		8BB0C5751AB8CAC000E45E0D /* w.jpg */ = {isa = PBXFileReference; lastKnownFileType = image.jpeg; path = w.jpg; sourceTree = "<group>"; };
		8BB0C5761AB8CAC000E45E0D /* x.jpg */ = {isa = PBXFileReference; lastKnownFileType = image.jpeg; path = x.jpg; sourceTree = "<group>"; };
		8BB0C5771AB8CAC000E45E0D /* y.jpg */ = {isa = PBXFileReference; lastKnownFileType = image.jpeg; path = y.jpg; sourceTree = "<group>"; };
		8BB0C5781AB8CAC000E45E0D /* z.jpg */ = {isa = PBXFileReference; lastKnownFileType = image.jpeg; path = z.jpg; sourceTree = "<group>"; };
/* End PBXFileReference section */

/* Begin PBXFrameworksBuildPhase section */
		27156F4618B76AF50053A99C /* Frameworks */ = {
			isa = PBXFrameworksBuildPhase;
			buildActionMask = 2147483647;
			files = (
				27156F4F18B76AF50053A99C /* CoreGraphics.framework in Frameworks */,
				27156F5118B76AF50053A99C /* UIKit.framework in Frameworks */,
				27156F4D18B76AF50053A99C /* Foundation.framework in Frameworks */,
			);
			runOnlyForDeploymentPostprocessing = 0;
		};
		27156F6118B76AF50053A99C /* Frameworks */ = {
			isa = PBXFrameworksBuildPhase;
			buildActionMask = 2147483647;
			files = (
				27156F6618B76AF50053A99C /* XCTest.framework in Frameworks */,
				27156F6818B76AF50053A99C /* UIKit.framework in Frameworks */,
				27156F6718B76AF50053A99C /* Foundation.framework in Frameworks */,
			);
			runOnlyForDeploymentPostprocessing = 0;
		};
/* End PBXFrameworksBuildPhase section */

/* Begin PBXGroup section */
		27156F4018B76AF50053A99C = {
			isa = PBXGroup;
			children = (
				8BB0C55F1AB8CAAD00E45E0D /* Letras */,
				8B70BD161AB7013800ED0669 /* Classes */,
				27156F5218B76AF50053A99C /* Navigation */,
				27156F6B18B76AF50053A99C /* NavigationTests */,
				27156F4B18B76AF50053A99C /* Frameworks */,
				27156F4A18B76AF50053A99C /* Products */,
			);
			sourceTree = "<group>";
		};
		27156F4A18B76AF50053A99C /* Products */ = {
			isa = PBXGroup;
			children = (
				27156F4918B76AF50053A99C /* Navigation.app */,
				27156F6418B76AF50053A99C /* NavigationTests.xctest */,
			);
			name = Products;
			sourceTree = "<group>";
		};
		27156F4B18B76AF50053A99C /* Frameworks */ = {
			isa = PBXGroup;
			children = (
				27156F4C18B76AF50053A99C /* Foundation.framework */,
				27156F4E18B76AF50053A99C /* CoreGraphics.framework */,
				27156F5018B76AF50053A99C /* UIKit.framework */,
				27156F6518B76AF50053A99C /* XCTest.framework */,
			);
			name = Frameworks;
			sourceTree = "<group>";
		};
		27156F5218B76AF50053A99C /* Navigation */ = {
			isa = PBXGroup;
			children = (
				27156F5B18B76AF50053A99C /* MackenzieAppDelegate.h */,
				27156F5C18B76AF50053A99C /* MackenzieAppDelegate.m */,
				27156F5E18B76AF50053A99C /* Images.xcassets */,
				27156F5318B76AF50053A99C /* Supporting Files */,
				27156F7B18BA89430053A99C /* LetraAViewController.h */,
				27156F7C18BA89430053A99C /* LetraAViewController.m */,
			);
			path = Navigation;
			sourceTree = "<group>";
		};
		27156F5318B76AF50053A99C /* Supporting Files */ = {
			isa = PBXGroup;
			children = (
				8BB0C55D1AB8B91400E45E0D /* blueHx.jpg */,
				27156F5418B76AF50053A99C /* Navigation-Info.plist */,
				27156F5518B76AF50053A99C /* InfoPlist.strings */,
				27156F5818B76AF50053A99C /* main.m */,
				27156F5A18B76AF50053A99C /* Navigation-Prefix.pch */,
			);
			name = "Supporting Files";
			sourceTree = "<group>";
		};
		27156F6B18B76AF50053A99C /* NavigationTests */ = {
			isa = PBXGroup;
			children = (
				27156F7118B76AF50053A99C /* NavigationTests.m */,
				27156F6C18B76AF50053A99C /* Supporting Files */,
			);
			path = NavigationTests;
			sourceTree = "<group>";
		};
		27156F6C18B76AF50053A99C /* Supporting Files */ = {
			isa = PBXGroup;
			children = (
				27156F6D18B76AF50053A99C /* NavigationTests-Info.plist */,
				27156F6E18B76AF50053A99C /* InfoPlist.strings */,
			);
			name = "Supporting Files";
			sourceTree = "<group>";
		};
		8B70BD161AB7013800ED0669 /* Classes */ = {
			isa = PBXGroup;
			children = (
				8B70BD1A1AB7027F00ED0669 /* Fila.h */,
				8B70BD1B1AB7027F00ED0669 /* Fila.m */,
				8B70BD171AB7016600ED0669 /* Dicionario.h */,
				8B70BD181AB7016600ED0669 /* Dicionario.m */,
			);
			name = Classes;
			sourceTree = "<group>";
		};
		8BB0C55F1AB8CAAD00E45E0D /* Letras */ = {
			isa = PBXGroup;
			children = (
				8BB0C5601AB8CAC000E45E0D /* a.jpg */,
				8BB0C5611AB8CAC000E45E0D /* b.jpg */,
				8BB0C5621AB8CAC000E45E0D /* c.jpg */,
				8BB0C5631AB8CAC000E45E0D /* d.jpg */,
				8BB0C5641AB8CAC000E45E0D /* e.jpg */,
				8BB0C5651AB8CAC000E45E0D /* f.jpg */,
				8BB0C5661AB8CAC000E45E0D /* g.jpg */,
				8BB0C5671AB8CAC000E45E0D /* h.jpg */,
				8BB0C5681AB8CAC000E45E0D /* j.jpg */,
				8BB0C5691AB8CAC000E45E0D /* k.jpg */,
				8BB0C56A1AB8CAC000E45E0D /* l.jpg */,
				8BB0C56B1AB8CAC000E45E0D /* m.jpg */,
				8BB0C56C1AB8CAC000E45E0D /* n.jpg */,
				8BB0C56D1AB8CAC000E45E0D /* o.jpg */,
				8BB0C56E1AB8CAC000E45E0D /* p.jpg */,
				8BB0C56F1AB8CAC000E45E0D /* q.jpg */,
				8BB0C5701AB8CAC000E45E0D /* r.png */,
				8BB0C5711AB8CAC000E45E0D /* s.jpg */,
				8BB0C5721AB8CAC000E45E0D /* t.jpg */,
				8BB0C5731AB8CAC000E45E0D /* u.jpg */,
				8BB0C5741AB8CAC000E45E0D /* v.jpg */,
				8BB0C5751AB8CAC000E45E0D /* w.jpg */,
				8BB0C5761AB8CAC000E45E0D /* x.jpg */,
				8BB0C5771AB8CAC000E45E0D /* y.jpg */,
				8BB0C5781AB8CAC000E45E0D /* z.jpg */,
			);
			name = Letras;
			sourceTree = "<group>";
		};
/* End PBXGroup section */

/* Begin PBXNativeTarget section */
		27156F4818B76AF50053A99C /* Navigation */ = {
			isa = PBXNativeTarget;
			buildConfigurationList = 27156F7518B76AF50053A99C /* Build configuration list for PBXNativeTarget "Navigation" */;
			buildPhases = (
				27156F4518B76AF50053A99C /* Sources */,
				27156F4618B76AF50053A99C /* Frameworks */,
				27156F4718B76AF50053A99C /* Resources */,
			);
			buildRules = (
			);
			dependencies = (
			);
			name = Navigation;
			productName = Navigation;
			productReference = 27156F4918B76AF50053A99C /* Navigation.app */;
			productType = "com.apple.product-type.application";
		};
		27156F6318B76AF50053A99C /* NavigationTests */ = {
			isa = PBXNativeTarget;
			buildConfigurationList = 27156F7818B76AF50053A99C /* Build configuration list for PBXNativeTarget "NavigationTests" */;
			buildPhases = (
				27156F6018B76AF50053A99C /* Sources */,
				27156F6118B76AF50053A99C /* Frameworks */,
				27156F6218B76AF50053A99C /* Resources */,
			);
			buildRules = (
			);
			dependencies = (
				27156F6A18B76AF50053A99C /* PBXTargetDependency */,
			);
			name = NavigationTests;
			productName = NavigationTests;
			productReference = 27156F6418B76AF50053A99C /* NavigationTests.xctest */;
			productType = "com.apple.product-type.bundle.unit-test";
		};
/* End PBXNativeTarget section */

/* Begin PBXProject section */
		27156F4118B76AF50053A99C /* Project object */ = {
			isa = PBXProject;
			attributes = {
				CLASSPREFIX = Mackenzie;
				LastUpgradeCheck = 0500;
				ORGANIZATIONNAME = "Vinicius Miana";
				TargetAttributes = {
					27156F6318B76AF50053A99C = {
						TestTargetID = 27156F4818B76AF50053A99C;
					};
				};
			};
			buildConfigurationList = 27156F4418B76AF50053A99C /* Build configuration list for PBXProject "Navigation" */;
			compatibilityVersion = "Xcode 3.2";
			developmentRegion = English;
			hasScannedForEncodings = 0;
			knownRegions = (
				en,
			);
			mainGroup = 27156F4018B76AF50053A99C;
			productRefGroup = 27156F4A18B76AF50053A99C /* Products */;
			projectDirPath = "";
			projectRoot = "";
			targets = (
				27156F4818B76AF50053A99C /* Navigation */,
				27156F6318B76AF50053A99C /* NavigationTests */,
			);
		};
/* End PBXProject section */

/* Begin PBXResourcesBuildPhase section */
		27156F4718B76AF50053A99C /* Resources */ = {
			isa = PBXResourcesBuildPhase;
			buildActionMask = 2147483647;
			files = (
				8BB0C58B1AB8CAC000E45E0D /* t.jpg in Resources */,
				8BB0C5881AB8CAC000E45E0D /* q.jpg in Resources */,
				8BB0C5801AB8CAC000E45E0D /* h.jpg in Resources */,
				8BB0C57E1AB8CAC000E45E0D /* f.jpg in Resources */,
				8BB0C5851AB8CAC000E45E0D /* n.jpg in Resources */,
				8BB0C57F1AB8CAC000E45E0D /* g.jpg in Resources */,
				27156F5718B76AF50053A99C /* InfoPlist.strings in Resources */,
				8BB0C58C1AB8CAC000E45E0D /* u.jpg in Resources */,
				8BB0C57D1AB8CAC000E45E0D /* e.jpg in Resources */,
				8BB0C5871AB8CAC000E45E0D /* p.jpg in Resources */,
				8BB0C58F1AB8CAC000E45E0D /* x.jpg in Resources */,
				8BB0C57A1AB8CAC000E45E0D /* b.jpg in Resources */,
				8BB0C5811AB8CAC000E45E0D /* j.jpg in Resources */,
				8BB0C5791AB8CAC000E45E0D /* a.jpg in Resources */,
				8BB0C5831AB8CAC000E45E0D /* l.jpg in Resources */,
				8BB0C5901AB8CAC000E45E0D /* y.jpg in Resources */,
				8BB0C5841AB8CAC000E45E0D /* m.jpg in Resources */,
				8BB0C57B1AB8CAC000E45E0D /* c.jpg in Resources */,
				8BB0C5891AB8CAC000E45E0D /* r.png in Resources */,
				8BB0C58A1AB8CAC000E45E0D /* s.jpg in Resources */,
				8BB0C58D1AB8CAC000E45E0D /* v.jpg in Resources */,
				27156F5F18B76AF50053A99C /* Images.xcassets in Resources */,
				8BB0C5911AB8CAC000E45E0D /* z.jpg in Resources */,
				8BB0C5821AB8CAC000E45E0D /* k.jpg in Resources */,
				8BB0C57C1AB8CAC000E45E0D /* d.jpg in Resources */,
				8BB0C5861AB8CAC000E45E0D /* o.jpg in Resources */,
				8BB0C55E1AB8B91400E45E0D /* blueHx.jpg in Resources */,
				8BB0C58E1AB8CAC000E45E0D /* w.jpg in Resources */,
			);
			runOnlyForDeploymentPostprocessing = 0;
		};
		27156F6218B76AF50053A99C /* Resources */ = {
			isa = PBXResourcesBuildPhase;
			buildActionMask = 2147483647;
			files = (
				27156F7018B76AF50053A99C /* InfoPlist.strings in Resources */,
			);
			runOnlyForDeploymentPostprocessing = 0;
		};
/* End PBXResourcesBuildPhase section */

/* Begin PBXSourcesBuildPhase section */
		27156F4518B76AF50053A99C /* Sources */ = {
			isa = PBXSourcesBuildPhase;
			buildActionMask = 2147483647;
			files = (
				8B70BD191AB7016600ED0669 /* Dicionario.m in Sources */,
				27156F5D18B76AF50053A99C /* MackenzieAppDelegate.m in Sources */,
				27156F7D18BA89430053A99C /* LetraAViewController.m in Sources */,
				8B70BD1C1AB7027F00ED0669 /* Fila.m in Sources */,
				27156F5918B76AF50053A99C /* main.m in Sources */,
			);
			runOnlyForDeploymentPostprocessing = 0;
		};
		27156F6018B76AF50053A99C /* Sources */ = {
			isa = PBXSourcesBuildPhase;
			buildActionMask = 2147483647;
			files = (
				27156F7218B76AF50053A99C /* NavigationTests.m in Sources */,
			);
			runOnlyForDeploymentPostprocessing = 0;
		};
/* End PBXSourcesBuildPhase section */

/* Begin PBXTargetDependency section */
		27156F6A18B76AF50053A99C /* PBXTargetDependency */ = {
			isa = PBXTargetDependency;
			target = 27156F4818B76AF50053A99C /* Navigation */;
			targetProxy = 27156F6918B76AF50053A99C /* PBXContainerItemProxy */;
		};
/* End PBXTargetDependency section */

/* Begin PBXVariantGroup section */
		27156F5518B76AF50053A99C /* InfoPlist.strings */ = {
			isa = PBXVariantGroup;
			children = (
				27156F5618B76AF50053A99C /* en */,
			);
			name = InfoPlist.strings;
			sourceTree = "<group>";
		};
		27156F6E18B76AF50053A99C /* InfoPlist.strings */ = {
			isa = PBXVariantGroup;
			children = (
				27156F6F18B76AF50053A99C /* en */,
			);
			name = InfoPlist.strings;
			sourceTree = "<group>";
		};
/* End PBXVariantGroup section */

/* Begin XCBuildConfiguration section */
		27156F7318B76AF50053A99C /* Debug */ = {
			isa = XCBuildConfiguration;
			buildSettings = {
				ALWAYS_SEARCH_USER_PATHS = NO;
				ARCHS = "$(ARCHS_STANDARD_INCLUDING_64_BIT)";
				CLANG_CXX_LANGUAGE_STANDARD = "gnu++0x";
				CLANG_CXX_LIBRARY = "libc++";
				CLANG_ENABLE_MODULES = YES;
				CLANG_ENABLE_OBJC_ARC = YES;
				CLANG_WARN_BOOL_CONVERSION = YES;
				CLANG_WARN_CONSTANT_CONVERSION = YES;
				CLANG_WARN_DIRECT_OBJC_ISA_USAGE = YES_ERROR;
				CLANG_WARN_EMPTY_BODY = YES;
				CLANG_WARN_ENUM_CONVERSION = YES;
				CLANG_WARN_INT_CONVERSION = YES;
				CLANG_WARN_OBJC_ROOT_CLASS = YES_ERROR;
				CLANG_WARN__DUPLICATE_METHOD_MATCH = YES;
				"CODE_SIGN_IDENTITY[sdk=iphoneos*]" = "iPhone Developer";
				COPY_PHASE_STRIP = NO;
				GCC_C_LANGUAGE_STANDARD = gnu99;
				GCC_DYNAMIC_NO_PIC = NO;
				GCC_OPTIMIZATION_LEVEL = 0;
				GCC_PREPROCESSOR_DEFINITIONS = (
					"DEBUG=1",
					"$(inherited)",
				);
				GCC_SYMBOLS_PRIVATE_EXTERN = NO;
				GCC_WARN_64_TO_32_BIT_CONVERSION = YES;
				GCC_WARN_ABOUT_RETURN_TYPE = YES_ERROR;
				GCC_WARN_UNDECLARED_SELECTOR = YES;
				GCC_WARN_UNINITIALIZED_AUTOS = YES;
				GCC_WARN_UNUSED_FUNCTION = YES;
				GCC_WARN_UNUSED_VARIABLE = YES;
				IPHONEOS_DEPLOYMENT_TARGET = 7.0;
				ONLY_ACTIVE_ARCH = YES;
				SDKROOT = iphoneos;
			};
			name = Debug;
		};
		27156F7418B76AF50053A99C /* Release */ = {
			isa = XCBuildConfiguration;
			buildSettings = {
				ALWAYS_SEARCH_USER_PATHS = NO;
				ARCHS = "$(ARCHS_STANDARD_INCLUDING_64_BIT)";
				CLANG_CXX_LANGUAGE_STANDARD = "gnu++0x";
				CLANG_CXX_LIBRARY = "libc++";
				CLANG_ENABLE_MODULES = YES;
				CLANG_ENABLE_OBJC_ARC = YES;
				CLANG_WARN_BOOL_CONVERSION = YES;
				CLANG_WARN_CONSTANT_CONVERSION = YES;
				CLANG_WARN_DIRECT_OBJC_ISA_USAGE = YES_ERROR;
				CLANG_WARN_EMPTY_BODY = YES;
				CLANG_WARN_ENUM_CONVERSION = YES;
				CLANG_WARN_INT_CONVERSION = YES;
				CLANG_WARN_OBJC_ROOT_CLASS = YES_ERROR;
				CLANG_WARN__DUPLICATE_METHOD_MATCH = YES;
				"CODE_SIGN_IDENTITY[sdk=iphoneos*]" = "iPhone Developer";
				COPY_PHASE_STRIP = YES;
				ENABLE_NS_ASSERTIONS = NO;
				GCC_C_LANGUAGE_STANDARD = gnu99;
				GCC_WARN_64_TO_32_BIT_CONVERSION = YES;
				GCC_WARN_ABOUT_RETURN_TYPE = YES_ERROR;
				GCC_WARN_UNDECLARED_SELECTOR = YES;
				GCC_WARN_UNINITIALIZED_AUTOS = YES;
				GCC_WARN_UNUSED_FUNCTION = YES;
				GCC_WARN_UNUSED_VARIABLE = YES;
				IPHONEOS_DEPLOYMENT_TARGET = 7.0;
				SDKROOT = iphoneos;
				VALIDATE_PRODUCT = YES;
			};
			name = Release;
		};
		27156F7618B76AF50053A99C /* Debug */ = {
			isa = XCBuildConfiguration;
			buildSettings = {
				ASSETCATALOG_COMPILER_APPICON_NAME = AppIcon;
				ASSETCATALOG_COMPILER_LAUNCHIMAGE_NAME = LaunchImage;
				GCC_PRECOMPILE_PREFIX_HEADER = YES;
				GCC_PREFIX_HEADER = "Navigation/Navigation-Prefix.pch";
				INFOPLIST_FILE = "Navigation/Navigation-Info.plist";
				PRODUCT_NAME = "$(TARGET_NAME)";
				WRAPPER_EXTENSION = app;
			};
			name = Debug;
		};
		27156F7718B76AF50053A99C /* Release */ = {
			isa = XCBuildConfiguration;
			buildSettings = {
				ASSETCATALOG_COMPILER_APPICON_NAME = AppIcon;
				ASSETCATALOG_COMPILER_LAUNCHIMAGE_NAME = LaunchImage;
				GCC_PRECOMPILE_PREFIX_HEADER = YES;
				GCC_PREFIX_HEADER = "Navigation/Navigation-Prefix.pch";
				INFOPLIST_FILE = "Navigation/Navigation-Info.plist";
				PRODUCT_NAME = "$(TARGET_NAME)";
				WRAPPER_EXTENSION = app;
			};
			name = Release;
		};
		27156F7918B76AF50053A99C /* Debug */ = {
			isa = XCBuildConfiguration;
			buildSettings = {
				ARCHS = "$(ARCHS_STANDARD_INCLUDING_64_BIT)";
				BUNDLE_LOADER = "$(BUILT_PRODUCTS_DIR)/Navigation.app/Navigation";
				FRAMEWORK_SEARCH_PATHS = (
					"$(SDKROOT)/Developer/Library/Frameworks",
					"$(inherited)",
					"$(DEVELOPER_FRAMEWORKS_DIR)",
				);
				GCC_PRECOMPILE_PREFIX_HEADER = YES;
				GCC_PREFIX_HEADER = "Navigation/Navigation-Prefix.pch";
				GCC_PREPROCESSOR_DEFINITIONS = (
					"DEBUG=1",
					"$(inherited)",
				);
				INFOPLIST_FILE = "NavigationTests/NavigationTests-Info.plist";
				PRODUCT_NAME = "$(TARGET_NAME)";
				TEST_HOST = "$(BUNDLE_LOADER)";
				WRAPPER_EXTENSION = xctest;
			};
			name = Debug;
		};
		27156F7A18B76AF50053A99C /* Release */ = {
			isa = XCBuildConfiguration;
			buildSettings = {
				ARCHS = "$(ARCHS_STANDARD_INCLUDING_64_BIT)";
				BUNDLE_LOADER = "$(BUILT_PRODUCTS_DIR)/Navigation.app/Navigation";
				FRAMEWORK_SEARCH_PATHS = (
					"$(SDKROOT)/Developer/Library/Frameworks",
					"$(inherited)",
					"$(DEVELOPER_FRAMEWORKS_DIR)",
				);
				GCC_PRECOMPILE_PREFIX_HEADER = YES;
				GCC_PREFIX_HEADER = "Navigation/Navigation-Prefix.pch";
				INFOPLIST_FILE = "NavigationTests/NavigationTests-Info.plist";
				PRODUCT_NAME = "$(TARGET_NAME)";
				TEST_HOST = "$(BUNDLE_LOADER)";
				WRAPPER_EXTENSION = xctest;
			};
			name = Release;
		};
/* End XCBuildConfiguration section */

/* Begin XCConfigurationList section */
		27156F4418B76AF50053A99C /* Build configuration list for PBXProject "Navigation" */ = {
			isa = XCConfigurationList;
			buildConfigurations = (
				27156F7318B76AF50053A99C /* Debug */,
				27156F7418B76AF50053A99C /* Release */,
			);
			defaultConfigurationIsVisible = 0;
			defaultConfigurationName = Release;
		};
		27156F7518B76AF50053A99C /* Build configuration list for PBXNativeTarget "Navigation" */ = {
			isa = XCConfigurationList;
			buildConfigurations = (
				27156F7618B76AF50053A99C /* Debug */,
				27156F7718B76AF50053A99C /* Release */,
			);
			defaultConfigurationIsVisible = 0;
			defaultConfigurationName = Release;
		};
		27156F7818B76AF50053A99C /* Build configuration list for PBXNativeTarget "NavigationTests" */ = {
			isa = XCConfigurationList;
			buildConfigurations = (
				27156F7918B76AF50053A99C /* Debug */,
				27156F7A18B76AF50053A99C /* Release */,
			);
			defaultConfigurationIsVisible = 0;
			defaultConfigurationName = Release;
		};
/* End XCConfigurationList section */
	};
	rootObject = 27156F4118B76AF50053A99C /* Project object */;
}
